
Microsoft Visual Studio Solution File, Format Version 12.00
# Visual Studio Version 17
VisualStudioVersion = 17.5.002.0
MinimumVisualStudioVersion = 10.0.40219.1
Project("{9A19103F-16F7-4668-BE54-9A1E7A4F7556}") = "StrategyPattern", "StrategyPattern.csproj", "{5D367036-6A57-412D-B290-72BC11282077}"
EndProject
Global
	GlobalSection(SolutionConfigurationPlatforms) = preSolution
		Debug|Any CPU = Debug|Any CPU
		Release|Any CPU = Release|Any CPU
	EndGlobalSection
	GlobalSection(ProjectConfigurationPlatforms) = postSolution
		{5D367036-6A57-412D-B290-72BC11282077}.Debug|Any CPU.ActiveCfg = Debug|Any CPU
		{5D367036-6A57-412D-B290-72BC11282077}.Debug|Any CPU.Build.0 = Debug|Any CPU
		{5D367036-6A57-412D-B290-72BC11282077}.Release|Any CPU.ActiveCfg = Release|Any CPU
		{5D367036-6A57-412D-B290-72BC11282077}.Release|Any CPU.Build.0 = Release|Any CPU
	EndGlobalSection
	GlobalSection(SolutionProperties) = preSolution
		HideSolutionNode = FALSE
	EndGlobalSection
	GlobalSection(ExtensibilityGlobals) = postSolution
		SolutionGuid = {23AB3ABC-6BFC-4411-ABF4-DBFFF06A8BF4}
	EndGlobalSection
EndGlobal
