
Microsoft Visual Studio Solution File, Format Version 12.00
# Visual Studio Version 17
VisualStudioVersion = 17.5.002.0
MinimumVisualStudioVersion = 10.0.40219.1
Project("{9A19103F-16F7-4668-BE54-9A1E7A4F7556}") = "DecoratorPattern", "DecoratorPattern.csproj", "{1F068321-E31D-4F91-B64C-264F6A604808}"
EndProject
Global
	GlobalSection(SolutionConfigurationPlatforms) = preSolution
		Debug|Any CPU = Debug|Any CPU
		Release|Any CPU = Release|Any CPU
	EndGlobalSection
	GlobalSection(ProjectConfigurationPlatforms) = postSolution
		{1F068321-E31D-4F91-B64C-264F6A604808}.Debug|Any CPU.ActiveCfg = Debug|Any CPU
		{1F068321-E31D-4F91-B64C-264F6A604808}.Debug|Any CPU.Build.0 = Debug|Any CPU
		{1F068321-E31D-4F91-B64C-264F6A604808}.Release|Any CPU.ActiveCfg = Release|Any CPU
		{1F068321-E31D-4F91-B64C-264F6A604808}.Release|Any CPU.Build.0 = Release|Any CPU
	EndGlobalSection
	GlobalSection(SolutionProperties) = preSolution
		HideSolutionNode = FALSE
	EndGlobalSection
	GlobalSection(ExtensibilityGlobals) = postSolution
		SolutionGuid = {86B4BB7D-D547-471B-8AC6-17FB38F9859C}
	EndGlobalSection
EndGlobal
